# This file is automatically @generated by Cargo.
# It is not intended for manual editing.
version = 3

[[package]]
name = "hebrew_unicode_script"
version = "0.4.2"
source = "registry+https://github.com/rust-lang/crates.io-index"
checksum = "77bccc64821cf91fbf9145a6cfa8bc4e04ceea1939aa757c422f6a23a502b813"

[[package]]
name = "hebrew_unicode_utils"
version = "0.4.2"
dependencies = [
 "hebrew_unicode_script",
]
