# This file is automatically @generated by Cargo.
# It is not intended for manual editing.
version = 3

[[package]]
name = "hebrew_unicode_script"
version = "0.4.0"
source = "registry+https://github.com/rust-lang/crates.io-index"
checksum = "c7ce5158121269e7d40700e5af3f38e0f2d2d06abe69bc27922464b1eca39bb8"

[[package]]
name = "hebrew_unicode_utils"
version = "0.1.1"
dependencies = [
 "hebrew_unicode_script",
]
