# This file is automatically @generated by Cargo.
# It is not intended for manual editing.
version = 3

[[package]]
name = "hebrew_unicode_script"
version = "0.4.1"
source = "registry+https://github.com/rust-lang/crates.io-index"
checksum = "bca6a76446659c31fa068635764fe749de4c40a1838b96152d5fed09b864580d"

[[package]]
name = "hebrew_unicode_utils"
version = "0.4.1"
dependencies = [
 "hebrew_unicode_script",
]
